
Microsoft Visual Studio Solution File, Format Version 12.00
# Visual Studio 15
VisualStudioVersion = 15.0.28307.1401
MinimumVisualStudioVersion = 10.0.40219.1
Project("{9A19103F-16F7-4668-BE54-9A1E7A4F7556}") = "nihonhotelapi", "nihonhotelapi.csproj", "{84013DFF-3A04-41FA-8DA9-5FBAC9B6B530}"
EndProject
Global
	GlobalSection(SolutionConfigurationPlatforms) = preSolution
		Debug|Any CPU = Debug|Any CPU
		Release|Any CPU = Release|Any CPU
	EndGlobalSection
	GlobalSection(ProjectConfigurationPlatforms) = postSolution
		{84013DFF-3A04-41FA-8DA9-5FBAC9B6B530}.Debug|Any CPU.ActiveCfg = Debug|Any CPU
		{84013DFF-3A04-41FA-8DA9-5FBAC9B6B530}.Debug|Any CPU.Build.0 = Debug|Any CPU
		{84013DFF-3A04-41FA-8DA9-5FBAC9B6B530}.Release|Any CPU.ActiveCfg = Release|Any CPU
		{84013DFF-3A04-41FA-8DA9-5FBAC9B6B530}.Release|Any CPU.Build.0 = Release|Any CPU
	EndGlobalSection
	GlobalSection(SolutionProperties) = preSolution
		HideSolutionNode = FALSE
	EndGlobalSection
	GlobalSection(ExtensibilityGlobals) = postSolution
		SolutionGuid = {BA01C4E0-115C-41C6-967D-C42C93BC84E6}
	EndGlobalSection
EndGlobal
